{
  "name": "fraud",
  "version": "1.0.0",
  "lockfileVersion": 2,
  "requires": true,
  "packages": {
    "": {
      "name": "fraud",
      "version": "1.0.0",
      "license": "ISC",
      "dependencies": {
        "amqplib": "^0.7.1",
        "dotenv": "^8.2.0"
      }
    },
    "node_modules/amqplib": {
      "version": "0.7.1",
      "resolved": "https://registry.npmjs.org/amqplib/-/amqplib-0.7.1.tgz",
      "integrity": "sha512-KePK3tTOLGU4emTo+PwSDMbc123jrxo13FpRpim1LzJoSlQrIBB2/kMeCC40jK/Zb0olHGaABjLqXDsdK46iLA==",
      "dependencies": {
        "bitsyntax": "~0.1.0",
        "bluebird": "^3.7.2",
        "buffer-more-ints": "~1.0.0",
        "readable-stream": "1.x >=1.1.9",
        "safe-buffer": "~5.2.1",
        "url-parse": "~1.5.1"
      }
    },
    "node_modules/dotenv": {
      "version": "8.6.0",
      "resolved": "https://registry.npmjs.org/dotenv/-/dotenv-8.6.0.tgz",
      "integrity": "sha512-qX8mkbVKCL8FC2GB0A2k3c1vH9Qjzd0BSmOYiR0G4p9mjkqVX0BCI0aB2uVBFmuJXjK2uKR0v8rT4fPb3y9n5Q=="
    }
  },
  "dependencies": {
    "amqplib": {
      "version": "0.7.1",
      "requires": {
        "bitsyntax": "~0.1.0",
        "bluebird": "^3.7.2",
        "buffer-more-ints": "~1.0.0",
        "readable-stream": "1.x >=1.1.9",
        "safe-buffer": "~5.2.1",
        "url-parse": "~1.5.1"
      }
    },
    "dotenv": {
      "version": "8.6.0"
    }
  }
}